<Solution>
  <Project Path="HHLDotNetCore.ConsoleApp/HHLDotNetCore.ConsoleApp.csproj" />
  <Project Path="HHLDotNetCore.Database/HHLDotNetCore.Database.csproj" />
  <Project Path="HHLDotNetCore.MinimalApi/HHLDotNetCore.MinimalApi.csproj" />
  <Project Path="HHLDotNetCore.RestApi/HHLDotNetCore.RestApi.csproj" />
  <Project Path="HHLDotNetCore.Shared/HHLDotNetCore.Shared.csproj" />
</Solution>
